
Microsoft Visual Studio Solution File, Format Version 12.00
# Visual Studio 15
VisualStudioVersion = 15.0.28307.271
MinimumVisualStudioVersion = 10.0.40219.1
Project("{FAE04EC0-301F-11D3-BF4B-00C04F79EFBC}") = "WebApp", "WebApp\WebApp.csproj", "{C06E83FF-5FDC-4415-9F35-EADE1C9B97FB}"
EndProject
Project("{FAE04EC0-301F-11D3-BF4B-00C04F79EFBC}") = "HealthChecksUI", "HealthChecksUI\HealthChecksUI.csproj", "{23E32F75-F6ED-46D2-B8F5-D7A449197553}"
EndProject
Global
	GlobalSection(SolutionConfigurationPlatforms) = preSolution
		Debug|Any CPU = Debug|Any CPU
		Release|Any CPU = Release|Any CPU
	EndGlobalSection
	GlobalSection(ProjectConfigurationPlatforms) = postSolution
		{C06E83FF-5FDC-4415-9F35-EADE1C9B97FB}.Debug|Any CPU.ActiveCfg = Debug|Any CPU
		{C06E83FF-5FDC-4415-9F35-EADE1C9B97FB}.Debug|Any CPU.Build.0 = Debug|Any CPU
		{C06E83FF-5FDC-4415-9F35-EADE1C9B97FB}.Release|Any CPU.ActiveCfg = Release|Any CPU
		{C06E83FF-5FDC-4415-9F35-EADE1C9B97FB}.Release|Any CPU.Build.0 = Release|Any CPU
		{23E32F75-F6ED-46D2-B8F5-D7A449197553}.Debug|Any CPU.ActiveCfg = Debug|Any CPU
		{23E32F75-F6ED-46D2-B8F5-D7A449197553}.Debug|Any CPU.Build.0 = Debug|Any CPU
		{23E32F75-F6ED-46D2-B8F5-D7A449197553}.Release|Any CPU.ActiveCfg = Release|Any CPU
		{23E32F75-F6ED-46D2-B8F5-D7A449197553}.Release|Any CPU.Build.0 = Release|Any CPU
	EndGlobalSection
	GlobalSection(SolutionProperties) = preSolution
		HideSolutionNode = FALSE
	EndGlobalSection
	GlobalSection(ExtensibilityGlobals) = postSolution
		SolutionGuid = {20830E82-E9CA-4A7D-9A65-C335432ABBC3}
	EndGlobalSection
EndGlobal
